
Microsoft Visual Studio Solution File, Format Version 12.00
# Visual Studio Version 16
VisualStudioVersion = 16.0.29911.84
MinimumVisualStudioVersion = 10.0.40219.1
Project("{FAE04EC0-301F-11D3-BF4B-00C04F79EFBC}") = "3CradPoker", "3CradPoker\3CradPoker.csproj", "{74433DDD-7C50-4725-A8B9-8E23EAC741B1}"
EndProject
Global
	GlobalSection(SolutionConfigurationPlatforms) = preSolution
		Debug|Any CPU = Debug|Any CPU
		Release|Any CPU = Release|Any CPU
	EndGlobalSection
	GlobalSection(ProjectConfigurationPlatforms) = postSolution
		{74433DDD-7C50-4725-A8B9-8E23EAC741B1}.Debug|Any CPU.ActiveCfg = Debug|Any CPU
		{74433DDD-7C50-4725-A8B9-8E23EAC741B1}.Debug|Any CPU.Build.0 = Debug|Any CPU
		{74433DDD-7C50-4725-A8B9-8E23EAC741B1}.Release|Any CPU.ActiveCfg = Release|Any CPU
		{74433DDD-7C50-4725-A8B9-8E23EAC741B1}.Release|Any CPU.Build.0 = Release|Any CPU
	EndGlobalSection
	GlobalSection(SolutionProperties) = preSolution
		HideSolutionNode = FALSE
	EndGlobalSection
	GlobalSection(ExtensibilityGlobals) = postSolution
		SolutionGuid = {0E45C201-3206-41C8-946D-BCB16D684C47}
	EndGlobalSection
EndGlobal
